
Microsoft Visual Studio Solution File, Format Version 12.00
# Visual Studio Version 17
VisualStudioVersion = 17.4.33213.308
MinimumVisualStudioVersion = 10.0.40219.1
Project("{FAE04EC0-301F-11D3-BF4B-00C04F79EFBC}") = "CalculadoraTela", "CalculadoraTela\CalculadoraTela.csproj", "{20A70BBD-02C0-43F3-A212-D287CC1B20B0}"
EndProject
Global
	GlobalSection(SolutionConfigurationPlatforms) = preSolution
		Debug|Any CPU = Debug|Any CPU
		Release|Any CPU = Release|Any CPU
	EndGlobalSection
	GlobalSection(ProjectConfigurationPlatforms) = postSolution
		{20A70BBD-02C0-43F3-A212-D287CC1B20B0}.Debug|Any CPU.ActiveCfg = Debug|Any CPU
		{20A70BBD-02C0-43F3-A212-D287CC1B20B0}.Debug|Any CPU.Build.0 = Debug|Any CPU
		{20A70BBD-02C0-43F3-A212-D287CC1B20B0}.Release|Any CPU.ActiveCfg = Release|Any CPU
		{20A70BBD-02C0-43F3-A212-D287CC1B20B0}.Release|Any CPU.Build.0 = Release|Any CPU
	EndGlobalSection
	GlobalSection(SolutionProperties) = preSolution
		HideSolutionNode = FALSE
	EndGlobalSection
	GlobalSection(ExtensibilityGlobals) = postSolution
		SolutionGuid = {1F52D66E-D190-4E90-B8E0-711DE543751B}
	EndGlobalSection
EndGlobal
